
Microsoft Visual Studio Solution File, Format Version 12.00
# Visual Studio Version 16
VisualStudioVersion = 16.0.30804.86
MinimumVisualStudioVersion = 10.0.40219.1
Project("{FAE04EC0-301F-11D3-BF4B-00C04F79EFBC}") = "Miubuy", "Api\Miubuy.csproj", "{5DD381CD-1DCF-4389-AF08-343C52435F87}"
EndProject
Global
	GlobalSection(SolutionConfigurationPlatforms) = preSolution
		Debug|Any CPU = Debug|Any CPU
		Release|Any CPU = Release|Any CPU
	EndGlobalSection
	GlobalSection(ProjectConfigurationPlatforms) = postSolution
		{5DD381CD-1DCF-4389-AF08-343C52435F87}.Debug|Any CPU.ActiveCfg = Debug|Any CPU
		{5DD381CD-1DCF-4389-AF08-343C52435F87}.Debug|Any CPU.Build.0 = Debug|Any CPU
		{5DD381CD-1DCF-4389-AF08-343C52435F87}.Release|Any CPU.ActiveCfg = Release|Any CPU
		{5DD381CD-1DCF-4389-AF08-343C52435F87}.Release|Any CPU.Build.0 = Release|Any CPU
	EndGlobalSection
	GlobalSection(SolutionProperties) = preSolution
		HideSolutionNode = FALSE
	EndGlobalSection
	GlobalSection(ExtensibilityGlobals) = postSolution
		SolutionGuid = {533A8BB5-F7E0-4114-BFA9-37E1DA4F5F3A}
	EndGlobalSection
EndGlobal
